{
  "name": "maps-typescript",
  "version": "1.0.0",
  "lockfileVersion": 1,
  "requires": true,
  "dependencies": {
    "@types/faker": {
      "version": "5.1.4"
    },
    "@types/googlemaps": {
      "version": "3.40.3",
      "resolved": "https://registry.npmjs.org/@types/googlemaps/-/googlemaps-3.40.3.tgz",
      "integrity": "sha512-ivlG5S0LlnQgpgPnQCUNAs7kjBtO367ZwDmuK+ggsQfW+w4N0RyWbxWZ6vPwegDe50Du3Xbb5+QVwJuB/U1XpA==",
      "dev": true
    },
    "faker": {
      "version": "5.1.0"
    },
    "typescript": {
      "version": "4.1.2"
    }
  }
}
